
Microsoft Visual Studio Solution File, Format Version 12.00
# Visual Studio 15
VisualStudioVersion = 15.0.27130.2010
MinimumVisualStudioVersion = 10.0.40219.1
Project("{FAE04EC0-301F-11D3-BF4B-00C04F79EFBC}") = "CarRaces", "ContosoTeamStats\CarRaces.csproj", "{9D3F4918-A304-41E2-947C-86D1D3076C41}"
EndProject
Global
	GlobalSection(SolutionConfigurationPlatforms) = preSolution
		Debug|Any CPU = Debug|Any CPU
		Release|Any CPU = Release|Any CPU
	EndGlobalSection
	GlobalSection(ProjectConfigurationPlatforms) = postSolution
		{9D3F4918-A304-41E2-947C-86D1D3076C41}.Debug|Any CPU.ActiveCfg = Debug|Any CPU
		{9D3F4918-A304-41E2-947C-86D1D3076C41}.Debug|Any CPU.Build.0 = Debug|Any CPU
		{9D3F4918-A304-41E2-947C-86D1D3076C41}.Release|Any CPU.ActiveCfg = Release|Any CPU
		{9D3F4918-A304-41E2-947C-86D1D3076C41}.Release|Any CPU.Build.0 = Release|Any CPU
	EndGlobalSection
	GlobalSection(SolutionProperties) = preSolution
		HideSolutionNode = FALSE
	EndGlobalSection
	GlobalSection(ExtensibilityGlobals) = postSolution
		SolutionGuid = {78C3B31A-5CD4-491E-8447-FC5E83206A0E}
	EndGlobalSection
EndGlobal
